
Microsoft Visual Studio Solution File, Format Version 12.00
# Visual Studio 15
VisualStudioVersion = 15.0.26403.0
MinimumVisualStudioVersion = 10.0.40219.1
Project("{FAE04EC0-301F-11D3-BF4B-00C04F79EFBC}") = "WebApplication1", "WebApplication1\WebApplication1.csproj", "{FC17EE7D-8DFC-429C-9D99-98513A3BFD2D}"
EndProject
Global
	GlobalSection(SolutionConfigurationPlatforms) = preSolution
		Debug|Any CPU = Debug|Any CPU
		Release|Any CPU = Release|Any CPU
	EndGlobalSection
	GlobalSection(ProjectConfigurationPlatforms) = postSolution
		{FC17EE7D-8DFC-429C-9D99-98513A3BFD2D}.Debug|Any CPU.ActiveCfg = Debug|Any CPU
		{FC17EE7D-8DFC-429C-9D99-98513A3BFD2D}.Debug|Any CPU.Build.0 = Debug|Any CPU
		{FC17EE7D-8DFC-429C-9D99-98513A3BFD2D}.Release|Any CPU.ActiveCfg = Release|Any CPU
		{FC17EE7D-8DFC-429C-9D99-98513A3BFD2D}.Release|Any CPU.Build.0 = Release|Any CPU
	EndGlobalSection
	GlobalSection(SolutionProperties) = preSolution
		HideSolutionNode = FALSE
	EndGlobalSection
EndGlobal
